// !$*UTF8*$!
{
	archiveVersion = 1;
	classes = {
	};
	objectVersion = 46;
	objects = {

/* Begin PBXBuildFile section */
		00FD99EE1883D59300AD02B6 /* Foundation.framework in Frameworks */ = {isa = PBXBuildFile; fileRef = 00FD99ED1883D59300AD02B6 /* Foundation.framework */; };
		00FD99F01883D59300AD02B6 /* CoreGraphics.framework in Frameworks */ = {isa = PBXBuildFile; fileRef = 00FD99EF1883D59300AD02B6 /* CoreGraphics.framework */; };
		00FD99F21883D59300AD02B6 /* UIKit.framework in Frameworks */ = {isa = PBXBuildFile; fileRef = 00FD99F11883D59300AD02B6 /* UIKit.framework */; };
		00FD99F81883D59300AD02B6 /* InfoPlist.strings in Resources */ = {isa = PBXBuildFile; fileRef = 00FD99F61883D59300AD02B6 /* InfoPlist.strings */; };
		00FD99FA1883D59300AD02B6 /* main.m in Sources */ = {isa = PBXBuildFile; fileRef = 00FD99F91883D59300AD02B6 /* main.m */; };
		00FD99FE1883D59300AD02B6 /* AppDelegate.m in Sources */ = {isa = PBXBuildFile; fileRef = 00FD99FD1883D59300AD02B6 /* AppDelegate.m */; };
		00FD9A011883D59300AD02B6 /* Main.storyboard in Resources */ = {isa = PBXBuildFile; fileRef = 00FD99FF1883D59300AD02B6 /* Main.storyboard */; };
		00FD9A041883D59300AD02B6 /* ViewController.m in Sources */ = {isa = PBXBuildFile; fileRef = 00FD9A031883D59300AD02B6 /* ViewController.m */; };
		00FD9A061883D59300AD02B6 /* Images.xcassets in Resources */ = {isa = PBXBuildFile; fileRef = 00FD9A051883D59300AD02B6 /* Images.xcassets */; };
		00FD9A0D1883D59300AD02B6 /* XCTest.framework in Frameworks */ = {isa = PBXBuildFile; fileRef = 00FD9A0C1883D59300AD02B6 /* XCTest.framework */; };
		00FD9A0E1883D59300AD02B6 /* Foundation.framework in Frameworks */ = {isa = PBXBuildFile; fileRef = 00FD99ED1883D59300AD02B6 /* Foundation.framework */; };
		00FD9A0F1883D59300AD02B6 /* UIKit.framework in Frameworks */ = {isa = PBXBuildFile; fileRef = 00FD99F11883D59300AD02B6 /* UIKit.framework */; };
		00FD9A171883D59300AD02B6 /* InfoPlist.strings in Resources */ = {isa = PBXBuildFile; fileRef = 00FD9A151883D59300AD02B6 /* InfoPlist.strings */; };
		00FD9A191883D59300AD02B6 /* Ex2_3_5_9Tests.m in Sources */ = {isa = PBXBuildFile; fileRef = 00FD9A181883D59300AD02B6 /* Ex2_3_5_9Tests.m */; };
		00FD9A231883D5E000AD02B6 /* girl7.png in Resources */ = {isa = PBXBuildFile; fileRef = 00FD9A221883D5E000AD02B6 /* girl7.png */; };
		00FD9A261883D66E00AD02B6 /* Movie.m in Sources */ = {isa = PBXBuildFile; fileRef = 00FD9A251883D66E00AD02B6 /* Movie.m */; };
		00FD9A281883E08600AD02B6 /* ty.sqlite in Resources */ = {isa = PBXBuildFile; fileRef = 00FD9A271883E08600AD02B6 /* ty.sqlite */; };
		00FD9A2A1883E0FF00AD02B6 /* libsqlite3.dylib in Frameworks */ = {isa = PBXBuildFile; fileRef = 00FD9A291883E0FF00AD02B6 /* libsqlite3.dylib */; };
/* End PBXBuildFile section */

/* Begin PBXContainerItemProxy section */
		00FD9A101883D59300AD02B6 /* PBXContainerItemProxy */ = {
			isa = PBXContainerItemProxy;
			containerPortal = 00FD99E21883D59300AD02B6 /* Project object */;
			proxyType = 1;
			remoteGlobalIDString = 00FD99E91883D59300AD02B6;
			remoteInfo = "Ex2-3.5.9";
		};
/* End PBXContainerItemProxy section */

/* Begin PBXFileReference section */
		00FD99EA1883D59300AD02B6 /* Ex2-3.5.9.app */ = {isa = PBXFileReference; explicitFileType = wrapper.application; includeInIndex = 0; path = "Ex2-3.5.9.app"; sourceTree = BUILT_PRODUCTS_DIR; };
		00FD99ED1883D59300AD02B6 /* Foundation.framework */ = {isa = PBXFileReference; lastKnownFileType = wrapper.framework; name = Foundation.framework; path = System/Library/Frameworks/Foundation.framework; sourceTree = SDKROOT; };
		00FD99EF1883D59300AD02B6 /* CoreGraphics.framework */ = {isa = PBXFileReference; lastKnownFileType = wrapper.framework; name = CoreGraphics.framework; path = System/Library/Frameworks/CoreGraphics.framework; sourceTree = SDKROOT; };
		00FD99F11883D59300AD02B6 /* UIKit.framework */ = {isa = PBXFileReference; lastKnownFileType = wrapper.framework; name = UIKit.framework; path = System/Library/Frameworks/UIKit.framework; sourceTree = SDKROOT; };
		00FD99F51883D59300AD02B6 /* Ex2-3.5.9-Info.plist */ = {isa = PBXFileReference; lastKnownFileType = text.plist.xml; path = "Ex2-3.5.9-Info.plist"; sourceTree = "<group>"; };
		00FD99F71883D59300AD02B6 /* en */ = {isa = PBXFileReference; lastKnownFileType = text.plist.strings; name = en; path = en.lproj/InfoPlist.strings; sourceTree = "<group>"; };
		00FD99F91883D59300AD02B6 /* main.m */ = {isa = PBXFileReference; lastKnownFileType = sourcecode.c.objc; path = main.m; sourceTree = "<group>"; };
		00FD99FB1883D59300AD02B6 /* Ex2-3.5.9-Prefix.pch */ = {isa = PBXFileReference; lastKnownFileType = sourcecode.c.h; path = "Ex2-3.5.9-Prefix.pch"; sourceTree = "<group>"; };
		00FD99FC1883D59300AD02B6 /* AppDelegate.h */ = {isa = PBXFileReference; lastKnownFileType = sourcecode.c.h; path = AppDelegate.h; sourceTree = "<group>"; };
		00FD99FD1883D59300AD02B6 /* AppDelegate.m */ = {isa = PBXFileReference; lastKnownFileType = sourcecode.c.objc; path = AppDelegate.m; sourceTree = "<group>"; };
		00FD9A001883D59300AD02B6 /* Base */ = {isa = PBXFileReference; lastKnownFileType = file.storyboard; name = Base; path = Base.lproj/Main.storyboard; sourceTree = "<group>"; };
		00FD9A021883D59300AD02B6 /* ViewController.h */ = {isa = PBXFileReference; lastKnownFileType = sourcecode.c.h; path = ViewController.h; sourceTree = "<group>"; };
		00FD9A031883D59300AD02B6 /* ViewController.m */ = {isa = PBXFileReference; lastKnownFileType = sourcecode.c.objc; path = ViewController.m; sourceTree = "<group>"; };
		00FD9A051883D59300AD02B6 /* Images.xcassets */ = {isa = PBXFileReference; lastKnownFileType = folder.assetcatalog; path = Images.xcassets; sourceTree = "<group>"; };
		00FD9A0B1883D59300AD02B6 /* Ex2-3.5.9Tests.xctest */ = {isa = PBXFileReference; explicitFileType = wrapper.cfbundle; includeInIndex = 0; path = "Ex2-3.5.9Tests.xctest"; sourceTree = BUILT_PRODUCTS_DIR; };
		00FD9A0C1883D59300AD02B6 /* XCTest.framework */ = {isa = PBXFileReference; lastKnownFileType = wrapper.framework; name = XCTest.framework; path = Library/Frameworks/XCTest.framework; sourceTree = DEVELOPER_DIR; };
		00FD9A141883D59300AD02B6 /* Ex2-3.5.9Tests-Info.plist */ = {isa = PBXFileReference; lastKnownFileType = text.plist.xml; path = "Ex2-3.5.9Tests-Info.plist"; sourceTree = "<group>"; };
		00FD9A161883D59300AD02B6 /* en */ = {isa = PBXFileReference; lastKnownFileType = text.plist.strings; name = en; path = en.lproj/InfoPlist.strings; sourceTree = "<group>"; };
		00FD9A181883D59300AD02B6 /* Ex2_3_5_9Tests.m */ = {isa = PBXFileReference; lastKnownFileType = sourcecode.c.objc; path = Ex2_3_5_9Tests.m; sourceTree = "<group>"; };
		00FD9A221883D5E000AD02B6 /* girl7.png */ = {isa = PBXFileReference; lastKnownFileType = image.png; name = girl7.png; path = ../../../../Downloads/girl7.png; sourceTree = "<group>"; };
		00FD9A241883D66E00AD02B6 /* Movie.h */ = {isa = PBXFileReference; fileEncoding = 4; lastKnownFileType = sourcecode.c.h; path = Movie.h; sourceTree = "<group>"; };
		00FD9A251883D66E00AD02B6 /* Movie.m */ = {isa = PBXFileReference; fileEncoding = 4; lastKnownFileType = sourcecode.c.objc; path = Movie.m; sourceTree = "<group>"; };
		00FD9A271883E08600AD02B6 /* ty.sqlite */ = {isa = PBXFileReference; lastKnownFileType = file; name = ty.sqlite; path = ../../SQLite/SQLite/ty.sqlite; sourceTree = "<group>"; };
		00FD9A291883E0FF00AD02B6 /* libsqlite3.dylib */ = {isa = PBXFileReference; lastKnownFileType = "compiled.mach-o.dylib"; name = libsqlite3.dylib; path = usr/lib/libsqlite3.dylib; sourceTree = SDKROOT; };
/* End PBXFileReference section */

/* Begin PBXFrameworksBuildPhase section */
		00FD99E71883D59300AD02B6 /* Frameworks */ = {
			isa = PBXFrameworksBuildPhase;
			buildActionMask = 2147483647;
			files = (
				00FD9A2A1883E0FF00AD02B6 /* libsqlite3.dylib in Frameworks */,
				00FD99F01883D59300AD02B6 /* CoreGraphics.framework in Frameworks */,
				00FD99F21883D59300AD02B6 /* UIKit.framework in Frameworks */,
				00FD99EE1883D59300AD02B6 /* Foundation.framework in Frameworks */,
			);
			runOnlyForDeploymentPostprocessing = 0;
		};
		00FD9A081883D59300AD02B6 /* Frameworks */ = {
			isa = PBXFrameworksBuildPhase;
			buildActionMask = 2147483647;
			files = (
				00FD9A0D1883D59300AD02B6 /* XCTest.framework in Frameworks */,
				00FD9A0F1883D59300AD02B6 /* UIKit.framework in Frameworks */,
				00FD9A0E1883D59300AD02B6 /* Foundation.framework in Frameworks */,
			);
			runOnlyForDeploymentPostprocessing = 0;
		};
/* End PBXFrameworksBuildPhase section */

/* Begin PBXGroup section */
		00FD99E11883D59300AD02B6 = {
			isa = PBXGroup;
			children = (
				00FD99F31883D59300AD02B6 /* Ex2-3.5.9 */,
				00FD9A121883D59300AD02B6 /* Ex2-3.5.9Tests */,
				00FD99EC1883D59300AD02B6 /* Frameworks */,
				00FD99EB1883D59300AD02B6 /* Products */,
			);
			sourceTree = "<group>";
		};
		00FD99EB1883D59300AD02B6 /* Products */ = {
			isa = PBXGroup;
			children = (
				00FD99EA1883D59300AD02B6 /* Ex2-3.5.9.app */,
				00FD9A0B1883D59300AD02B6 /* Ex2-3.5.9Tests.xctest */,
			);
			name = Products;
			sourceTree = "<group>";
		};
		00FD99EC1883D59300AD02B6 /* Frameworks */ = {
			isa = PBXGroup;
			children = (
				00FD9A291883E0FF00AD02B6 /* libsqlite3.dylib */,
				00FD99ED1883D59300AD02B6 /* Foundation.framework */,
				00FD99EF1883D59300AD02B6 /* CoreGraphics.framework */,
				00FD99F11883D59300AD02B6 /* UIKit.framework */,
				00FD9A0C1883D59300AD02B6 /* XCTest.framework */,
			);
			name = Frameworks;
			sourceTree = "<group>";
		};
		00FD99F31883D59300AD02B6 /* Ex2-3.5.9 */ = {
			isa = PBXGroup;
			children = (
				00FD9A271883E08600AD02B6 /* ty.sqlite */,
				00FD9A221883D5E000AD02B6 /* girl7.png */,
				00FD99FC1883D59300AD02B6 /* AppDelegate.h */,
				00FD99FD1883D59300AD02B6 /* AppDelegate.m */,
				00FD99FF1883D59300AD02B6 /* Main.storyboard */,
				00FD9A021883D59300AD02B6 /* ViewController.h */,
				00FD9A031883D59300AD02B6 /* ViewController.m */,
				00FD9A051883D59300AD02B6 /* Images.xcassets */,
				00FD99F41883D59300AD02B6 /* Supporting Files */,
				00FD9A241883D66E00AD02B6 /* Movie.h */,
				00FD9A251883D66E00AD02B6 /* Movie.m */,
			);
			path = "Ex2-3.5.9";
			sourceTree = "<group>";
		};
		00FD99F41883D59300AD02B6 /* Supporting Files */ = {
			isa = PBXGroup;
			children = (
				00FD99F51883D59300AD02B6 /* Ex2-3.5.9-Info.plist */,
				00FD99F61883D59300AD02B6 /* InfoPlist.strings */,
				00FD99F91883D59300AD02B6 /* main.m */,
				00FD99FB1883D59300AD02B6 /* Ex2-3.5.9-Prefix.pch */,
			);
			name = "Supporting Files";
			sourceTree = "<group>";
		};
		00FD9A121883D59300AD02B6 /* Ex2-3.5.9Tests */ = {
			isa = PBXGroup;
			children = (
				00FD9A181883D59300AD02B6 /* Ex2_3_5_9Tests.m */,
				00FD9A131883D59300AD02B6 /* Supporting Files */,
			);
			path = "Ex2-3.5.9Tests";
			sourceTree = "<group>";
		};
		00FD9A131883D59300AD02B6 /* Supporting Files */ = {
			isa = PBXGroup;
			children = (
				00FD9A141883D59300AD02B6 /* Ex2-3.5.9Tests-Info.plist */,
				00FD9A151883D59300AD02B6 /* InfoPlist.strings */,
			);
			name = "Supporting Files";
			sourceTree = "<group>";
		};
/* End PBXGroup section */

/* Begin PBXNativeTarget section */
		00FD99E91883D59300AD02B6 /* Ex2-3.5.9 */ = {
			isa = PBXNativeTarget;
			buildConfigurationList = 00FD9A1C1883D59300AD02B6 /* Build configuration list for PBXNativeTarget "Ex2-3.5.9" */;
			buildPhases = (
				00FD99E61883D59300AD02B6 /* Sources */,
				00FD99E71883D59300AD02B6 /* Frameworks */,
				00FD99E81883D59300AD02B6 /* Resources */,
			);
			buildRules = (
			);
			dependencies = (
			);
			name = "Ex2-3.5.9";
			productName = "Ex2-3.5.9";
			productReference = 00FD99EA1883D59300AD02B6 /* Ex2-3.5.9.app */;
			productType = "com.apple.product-type.application";
		};
		00FD9A0A1883D59300AD02B6 /* Ex2-3.5.9Tests */ = {
			isa = PBXNativeTarget;
			buildConfigurationList = 00FD9A1F1883D59300AD02B6 /* Build configuration list for PBXNativeTarget "Ex2-3.5.9Tests" */;
			buildPhases = (
				00FD9A071883D59300AD02B6 /* Sources */,
				00FD9A081883D59300AD02B6 /* Frameworks */,
				00FD9A091883D59300AD02B6 /* Resources */,
			);
			buildRules = (
			);
			dependencies = (
				00FD9A111883D59300AD02B6 /* PBXTargetDependency */,
			);
			name = "Ex2-3.5.9Tests";
			productName = "Ex2-3.5.9Tests";
			productReference = 00FD9A0B1883D59300AD02B6 /* Ex2-3.5.9Tests.xctest */;
			productType = "com.apple.product-type.bundle.unit-test";
		};
/* End PBXNativeTarget section */

/* Begin PBXProject section */
		00FD99E21883D59300AD02B6 /* Project object */ = {
			isa = PBXProject;
			attributes = {
				LastUpgradeCheck = 0500;
				ORGANIZATIONNAME = T;
				TargetAttributes = {
					00FD9A0A1883D59300AD02B6 = {
						TestTargetID = 00FD99E91883D59300AD02B6;
					};
				};
			};
			buildConfigurationList = 00FD99E51883D59300AD02B6 /* Build configuration list for PBXProject "Ex2-3.5.9" */;
			compatibilityVersion = "Xcode 3.2";
			developmentRegion = English;
			hasScannedForEncodings = 0;
			knownRegions = (
				en,
				Base,
			);
			mainGroup = 00FD99E11883D59300AD02B6;
			productRefGroup = 00FD99EB1883D59300AD02B6 /* Products */;
			projectDirPath = "";
			projectRoot = "";
			targets = (
				00FD99E91883D59300AD02B6 /* Ex2-3.5.9 */,
				00FD9A0A1883D59300AD02B6 /* Ex2-3.5.9Tests */,
			);
		};
/* End PBXProject section */

/* Begin PBXResourcesBuildPhase section */
		00FD99E81883D59300AD02B6 /* Resources */ = {
			isa = PBXResourcesBuildPhase;
			buildActionMask = 2147483647;
			files = (
				00FD9A061883D59300AD02B6 /* Images.xcassets in Resources */,
				00FD9A231883D5E000AD02B6 /* girl7.png in Resources */,
				00FD99F81883D59300AD02B6 /* InfoPlist.strings in Resources */,
				00FD9A011883D59300AD02B6 /* Main.storyboard in Resources */,
				00FD9A281883E08600AD02B6 /* ty.sqlite in Resources */,
			);
			runOnlyForDeploymentPostprocessing = 0;
		};
		00FD9A091883D59300AD02B6 /* Resources */ = {
			isa = PBXResourcesBuildPhase;
			buildActionMask = 2147483647;
			files = (
				00FD9A171883D59300AD02B6 /* InfoPlist.strings in Resources */,
			);
			runOnlyForDeploymentPostprocessing = 0;
		};
/* End PBXResourcesBuildPhase section */

/* Begin PBXSourcesBuildPhase section */
		00FD99E61883D59300AD02B6 /* Sources */ = {
			isa = PBXSourcesBuildPhase;
			buildActionMask = 2147483647;
			files = (
				00FD9A041883D59300AD02B6 /* ViewController.m in Sources */,
				00FD99FE1883D59300AD02B6 /* AppDelegate.m in Sources */,
				00FD9A261883D66E00AD02B6 /* Movie.m in Sources */,
				00FD99FA1883D59300AD02B6 /* main.m in Sources */,
			);
			runOnlyForDeploymentPostprocessing = 0;
		};
		00FD9A071883D59300AD02B6 /* Sources */ = {
			isa = PBXSourcesBuildPhase;
			buildActionMask = 2147483647;
			files = (
				00FD9A191883D59300AD02B6 /* Ex2_3_5_9Tests.m in Sources */,
			);
			runOnlyForDeploymentPostprocessing = 0;
		};
/* End PBXSourcesBuildPhase section */

/* Begin PBXTargetDependency section */
		00FD9A111883D59300AD02B6 /* PBXTargetDependency */ = {
			isa = PBXTargetDependency;
			target = 00FD99E91883D59300AD02B6 /* Ex2-3.5.9 */;
			targetProxy = 00FD9A101883D59300AD02B6 /* PBXContainerItemProxy */;
		};
/* End PBXTargetDependency section */

/* Begin PBXVariantGroup section */
		00FD99F61883D59300AD02B6 /* InfoPlist.strings */ = {
			isa = PBXVariantGroup;
			children = (
				00FD99F71883D59300AD02B6 /* en */,
			);
			name = InfoPlist.strings;
			sourceTree = "<group>";
		};
		00FD99FF1883D59300AD02B6 /* Main.storyboard */ = {
			isa = PBXVariantGroup;
			children = (
				00FD9A001883D59300AD02B6 /* Base */,
			);
			name = Main.storyboard;
			sourceTree = "<group>";
		};
		00FD9A151883D59300AD02B6 /* InfoPlist.strings */ = {
			isa = PBXVariantGroup;
			children = (
				00FD9A161883D59300AD02B6 /* en */,
			);
			name = InfoPlist.strings;
			sourceTree = "<group>";
		};
/* End PBXVariantGroup section */

/* Begin XCBuildConfiguration section */
		00FD9A1A1883D59300AD02B6 /* Debug */ = {
			isa = XCBuildConfiguration;
			buildSettings = {
				ALWAYS_SEARCH_USER_PATHS = NO;
				ARCHS = "$(ARCHS_STANDARD_INCLUDING_64_BIT)";
				CLANG_CXX_LANGUAGE_STANDARD = "gnu++0x";
				CLANG_CXX_LIBRARY = "libc++";
				CLANG_ENABLE_MODULES = YES;
				CLANG_ENABLE_OBJC_ARC = YES;
				CLANG_WARN_BOOL_CONVERSION = YES;
				CLANG_WARN_CONSTANT_CONVERSION = YES;
				CLANG_WARN_DIRECT_OBJC_ISA_USAGE = YES_ERROR;
				CLANG_WARN_EMPTY_BODY = YES;
				CLANG_WARN_ENUM_CONVERSION = YES;
				CLANG_WARN_INT_CONVERSION = YES;
				CLANG_WARN_OBJC_ROOT_CLASS = YES_ERROR;
				CLANG_WARN__DUPLICATE_METHOD_MATCH = YES;
				"CODE_SIGN_IDENTITY[sdk=iphoneos*]" = "iPhone Developer";
				COPY_PHASE_STRIP = NO;
				GCC_C_LANGUAGE_STANDARD = gnu99;
				GCC_DYNAMIC_NO_PIC = NO;
				GCC_OPTIMIZATION_LEVEL = 0;
				GCC_PREPROCESSOR_DEFINITIONS = (
					"DEBUG=1",
					"$(inherited)",
				);
				GCC_SYMBOLS_PRIVATE_EXTERN = NO;
				GCC_WARN_64_TO_32_BIT_CONVERSION = YES;
				GCC_WARN_ABOUT_RETURN_TYPE = YES_ERROR;
				GCC_WARN_UNDECLARED_SELECTOR = YES;
				GCC_WARN_UNINITIALIZED_AUTOS = YES;
				GCC_WARN_UNUSED_FUNCTION = YES;
				GCC_WARN_UNUSED_VARIABLE = YES;
				IPHONEOS_DEPLOYMENT_TARGET = 7.0;
				ONLY_ACTIVE_ARCH = YES;
				SDKROOT = iphoneos;
			};
			name = Debug;
		};
		00FD9A1B1883D59300AD02B6 /* Release */ = {
			isa = XCBuildConfiguration;
			buildSettings = {
				ALWAYS_SEARCH_USER_PATHS = NO;
				ARCHS = "$(ARCHS_STANDARD_INCLUDING_64_BIT)";
				CLANG_CXX_LANGUAGE_STANDARD = "gnu++0x";
				CLANG_CXX_LIBRARY = "libc++";
				CLANG_ENABLE_MODULES = YES;
				CLANG_ENABLE_OBJC_ARC = YES;
				CLANG_WARN_BOOL_CONVERSION = YES;
				CLANG_WARN_CONSTANT_CONVERSION = YES;
				CLANG_WARN_DIRECT_OBJC_ISA_USAGE = YES_ERROR;
				CLANG_WARN_EMPTY_BODY = YES;
				CLANG_WARN_ENUM_CONVERSION = YES;
				CLANG_WARN_INT_CONVERSION = YES;
				CLANG_WARN_OBJC_ROOT_CLASS = YES_ERROR;
				CLANG_WARN__DUPLICATE_METHOD_MATCH = YES;
				"CODE_SIGN_IDENTITY[sdk=iphoneos*]" = "iPhone Developer";
				COPY_PHASE_STRIP = YES;
				ENABLE_NS_ASSERTIONS = NO;
				GCC_C_LANGUAGE_STANDARD = gnu99;
				GCC_WARN_64_TO_32_BIT_CONVERSION = YES;
				GCC_WARN_ABOUT_RETURN_TYPE = YES_ERROR;
				GCC_WARN_UNDECLARED_SELECTOR = YES;
				GCC_WARN_UNINITIALIZED_AUTOS = YES;
				GCC_WARN_UNUSED_FUNCTION = YES;
				GCC_WARN_UNUSED_VARIABLE = YES;
				IPHONEOS_DEPLOYMENT_TARGET = 7.0;
				SDKROOT = iphoneos;
				VALIDATE_PRODUCT = YES;
			};
			name = Release;
		};
		00FD9A1D1883D59300AD02B6 /* Debug */ = {
			isa = XCBuildConfiguration;
			buildSettings = {
				ASSETCATALOG_COMPILER_APPICON_NAME = AppIcon;
				ASSETCATALOG_COMPILER_LAUNCHIMAGE_NAME = LaunchImage;
				GCC_PRECOMPILE_PREFIX_HEADER = YES;
				GCC_PREFIX_HEADER = "Ex2-3.5.9/Ex2-3.5.9-Prefix.pch";
				INFOPLIST_FILE = "Ex2-3.5.9/Ex2-3.5.9-Info.plist";
				PRODUCT_NAME = "$(TARGET_NAME)";
				WRAPPER_EXTENSION = app;
			};
			name = Debug;
		};
		00FD9A1E1883D59300AD02B6 /* Release */ = {
			isa = XCBuildConfiguration;
			buildSettings = {
				ASSETCATALOG_COMPILER_APPICON_NAME = AppIcon;
				ASSETCATALOG_COMPILER_LAUNCHIMAGE_NAME = LaunchImage;
				GCC_PRECOMPILE_PREFIX_HEADER = YES;
				GCC_PREFIX_HEADER = "Ex2-3.5.9/Ex2-3.5.9-Prefix.pch";
				INFOPLIST_FILE = "Ex2-3.5.9/Ex2-3.5.9-Info.plist";
				PRODUCT_NAME = "$(TARGET_NAME)";
				WRAPPER_EXTENSION = app;
			};
			name = Release;
		};
		00FD9A201883D59300AD02B6 /* Debug */ = {
			isa = XCBuildConfiguration;
			buildSettings = {
				ARCHS = "$(ARCHS_STANDARD_INCLUDING_64_BIT)";
				BUNDLE_LOADER = "$(BUILT_PRODUCTS_DIR)/Ex2-3.5.9.app/Ex2-3.5.9";
				FRAMEWORK_SEARCH_PATHS = (
					"$(SDKROOT)/Developer/Library/Frameworks",
					"$(inherited)",
					"$(DEVELOPER_FRAMEWORKS_DIR)",
				);
				GCC_PRECOMPILE_PREFIX_HEADER = YES;
				GCC_PREFIX_HEADER = "Ex2-3.5.9/Ex2-3.5.9-Prefix.pch";
				GCC_PREPROCESSOR_DEFINITIONS = (
					"DEBUG=1",
					"$(inherited)",
				);
				INFOPLIST_FILE = "Ex2-3.5.9Tests/Ex2-3.5.9Tests-Info.plist";
				PRODUCT_NAME = "$(TARGET_NAME)";
				TEST_HOST = "$(BUNDLE_LOADER)";
				WRAPPER_EXTENSION = xctest;
			};
			name = Debug;
		};
		00FD9A211883D59300AD02B6 /* Release */ = {
			isa = XCBuildConfiguration;
			buildSettings = {
				ARCHS = "$(ARCHS_STANDARD_INCLUDING_64_BIT)";
				BUNDLE_LOADER = "$(BUILT_PRODUCTS_DIR)/Ex2-3.5.9.app/Ex2-3.5.9";
				FRAMEWORK_SEARCH_PATHS = (
					"$(SDKROOT)/Developer/Library/Frameworks",
					"$(inherited)",
					"$(DEVELOPER_FRAMEWORKS_DIR)",
				);
				GCC_PRECOMPILE_PREFIX_HEADER = YES;
				GCC_PREFIX_HEADER = "Ex2-3.5.9/Ex2-3.5.9-Prefix.pch";
				INFOPLIST_FILE = "Ex2-3.5.9Tests/Ex2-3.5.9Tests-Info.plist";
				PRODUCT_NAME = "$(TARGET_NAME)";
				TEST_HOST = "$(BUNDLE_LOADER)";
				WRAPPER_EXTENSION = xctest;
			};
			name = Release;
		};
/* End XCBuildConfiguration section */

/* Begin XCConfigurationList section */
		00FD99E51883D59300AD02B6 /* Build configuration list for PBXProject "Ex2-3.5.9" */ = {
			isa = XCConfigurationList;
			buildConfigurations = (
				00FD9A1A1883D59300AD02B6 /* Debug */,
				00FD9A1B1883D59300AD02B6 /* Release */,
			);
			defaultConfigurationIsVisible = 0;
			defaultConfigurationName = Release;
		};
		00FD9A1C1883D59300AD02B6 /* Build configuration list for PBXNativeTarget "Ex2-3.5.9" */ = {
			isa = XCConfigurationList;
			buildConfigurations = (
				00FD9A1D1883D59300AD02B6 /* Debug */,
				00FD9A1E1883D59300AD02B6 /* Release */,
			);
			defaultConfigurationIsVisible = 0;
		};
		00FD9A1F1883D59300AD02B6 /* Build configuration list for PBXNativeTarget "Ex2-3.5.9Tests" */ = {
			isa = XCConfigurationList;
			buildConfigurations = (
				00FD9A201883D59300AD02B6 /* Debug */,
				00FD9A211883D59300AD02B6 /* Release */,
			);
			defaultConfigurationIsVisible = 0;
		};
/* End XCConfigurationList section */
	};
	rootObject = 00FD99E21883D59300AD02B6 /* Project object */;
}
